
Microsoft Visual Studio Solution File, Format Version 12.00
# Visual Studio Version 16
VisualStudioVersion = 16.0.29709.97
MinimumVisualStudioVersion = 10.0.40219.1
Project("{FAE04EC0-301F-11D3-BF4B-00C04F79EFBC}") = "SchoolSMS", "SchoolSMS.csproj", "{27C5067E-2351-441D-96D9-9534483B99AD}"
EndProject
Global
	GlobalSection(SolutionConfigurationPlatforms) = preSolution
		Debug|Any CPU = Debug|Any CPU
		Release|Any CPU = Release|Any CPU
	EndGlobalSection
	GlobalSection(ProjectConfigurationPlatforms) = postSolution
		{27C5067E-2351-441D-96D9-9534483B99AD}.Debug|Any CPU.ActiveCfg = Debug|Any CPU
		{27C5067E-2351-441D-96D9-9534483B99AD}.Debug|Any CPU.Build.0 = Debug|Any CPU
		{27C5067E-2351-441D-96D9-9534483B99AD}.Release|Any CPU.ActiveCfg = Release|Any CPU
		{27C5067E-2351-441D-96D9-9534483B99AD}.Release|Any CPU.Build.0 = Release|Any CPU
	EndGlobalSection
	GlobalSection(SolutionProperties) = preSolution
		HideSolutionNode = FALSE
	EndGlobalSection
	GlobalSection(ExtensibilityGlobals) = postSolution
		SolutionGuid = {10872EA2-4AB2-4BA8-BEF9-FE690230449F}
	EndGlobalSection
EndGlobal
